
Microsoft Visual Studio Solution File, Format Version 12.00
# Visual Studio Version 16
VisualStudioVersion = 16.0.30114.105
MinimumVisualStudioVersion = 10.0.40219.1
Project("{FAE04EC0-301F-11D3-BF4B-00C04F79EFBC}") = "Bookshelf", "Bookshelf\Bookshelf.csproj", "{509700DF-2753-4877-A171-4B974DB0B50C}"
EndProject
Project("{FAE04EC0-301F-11D3-BF4B-00C04F79EFBC}") = "Bookshelf.Tests", "Bookshelf.Tests\Bookshelf.Tests.csproj", "{F182010F-6723-45BD-8AB0-7AF98D013252}"
EndProject
Global
	GlobalSection(SolutionConfigurationPlatforms) = preSolution
		Debug|Any CPU = Debug|Any CPU
		Release|Any CPU = Release|Any CPU
	EndGlobalSection
	GlobalSection(SolutionProperties) = preSolution
		HideSolutionNode = FALSE
	EndGlobalSection
	GlobalSection(ProjectConfigurationPlatforms) = postSolution
		{509700DF-2753-4877-A171-4B974DB0B50C}.Debug|Any CPU.ActiveCfg = Debug|Any CPU
		{509700DF-2753-4877-A171-4B974DB0B50C}.Debug|Any CPU.Build.0 = Debug|Any CPU
		{509700DF-2753-4877-A171-4B974DB0B50C}.Release|Any CPU.ActiveCfg = Release|Any CPU
		{509700DF-2753-4877-A171-4B974DB0B50C}.Release|Any CPU.Build.0 = Release|Any CPU
		{F182010F-6723-45BD-8AB0-7AF98D013252}.Debug|Any CPU.ActiveCfg = Debug|Any CPU
		{F182010F-6723-45BD-8AB0-7AF98D013252}.Debug|Any CPU.Build.0 = Debug|Any CPU
		{F182010F-6723-45BD-8AB0-7AF98D013252}.Release|Any CPU.ActiveCfg = Release|Any CPU
		{F182010F-6723-45BD-8AB0-7AF98D013252}.Release|Any CPU.Build.0 = Release|Any CPU
	EndGlobalSection
EndGlobal
